
Microsoft Visual Studio Solution File, Format Version 12.00
# Visual Studio Version 17
VisualStudioVersion = 17.14.36511.14 d17.14
MinimumVisualStudioVersion = 10.0.40219.1
Project("{8BC9CEB8-8B4A-11D0-8D11-00A0C91BC942}") = "NetworkFinder", "NetworkFinder\NetworkFinder.vcxproj", "{20931BDD-B40F-4A7B-B495-1632B6D92040}"
EndProject
Global
	GlobalSection(SolutionConfigurationPlatforms) = preSolution
		Debug|x64 = Debug|x64
		Debug|x86 = Debug|x86
		Release|x64 = Release|x64
		Release|x86 = Release|x86
	EndGlobalSection
	GlobalSection(ProjectConfigurationPlatforms) = postSolution
		{20931BDD-B40F-4A7B-B495-1632B6D92040}.Debug|x64.ActiveCfg = Debug|x64
		{20931BDD-B40F-4A7B-B495-1632B6D92040}.Debug|x64.Build.0 = Debug|x64
		{20931BDD-B40F-4A7B-B495-1632B6D92040}.Debug|x86.ActiveCfg = Debug|Win32
		{20931BDD-B40F-4A7B-B495-1632B6D92040}.Debug|x86.Build.0 = Debug|Win32
		{20931BDD-B40F-4A7B-B495-1632B6D92040}.Release|x64.ActiveCfg = Release|x64
		{20931BDD-B40F-4A7B-B495-1632B6D92040}.Release|x64.Build.0 = Release|x64
		{20931BDD-B40F-4A7B-B495-1632B6D92040}.Release|x86.ActiveCfg = Release|Win32
		{20931BDD-B40F-4A7B-B495-1632B6D92040}.Release|x86.Build.0 = Release|Win32
	EndGlobalSection
	GlobalSection(SolutionProperties) = preSolution
		HideSolutionNode = FALSE
	EndGlobalSection
	GlobalSection(ExtensibilityGlobals) = postSolution
		SolutionGuid = {D34F1D9C-2598-407D-B4AF-D42AFB11AE22}
	EndGlobalSection
EndGlobal
